# This file was autogenerated by uv via the following command:
#    uv pip compile requirements.txt -o requirements.lock --python-version 3.12 --python-platform x86_64-unknown-linux-gnu
aiofiles==25.1.0
    # via -r requirements.txt
aiorcon==0.6.8
    # via -r requirements.txt
annotated-doc==0.0.4
    # via fastapi
annotated-types==0.7.0
    # via pydantic
anthropic==0.116.0
    # via -r requirements.txt
anyio==4.14.1
    # via
    #   anthropic
    #   httpx
    #   starlette
    #   watchfiles
awpy==2.0.2
    # via -r requirements.txt
beautifulsoup4==4.15.0
    # via -r requirements.txt
certifi==2026.6.17
    # via
    #   curl-cffi
    #   httpcore
    #   httpx
    #   requests
cffi==2.0.0
    # via curl-cffi
charset-normalizer==3.4.7
    # via requests
click==8.4.2
    # via
    #   awpy
    #   uvicorn
contourpy==1.3.3
    # via matplotlib
curl-cffi==0.15.0
    # via -r requirements.txt
cycler==0.12.1
    # via matplotlib
demoparser2==0.41.3
    # via
    #   -r requirements.txt
    #   awpy
distro==1.9.0
    # via anthropic
docstring-parser==0.18.0
    # via anthropic
fastapi==0.139.0
    # via -r requirements.txt
fonttools==4.63.0
    # via matplotlib
h11==0.16.0
    # via
    #   httpcore
    #   uvicorn
httpcore==1.0.9
    # via httpx
httptools==0.8.0
    # via uvicorn
httpx==0.28.1
    # via
    #   -r requirements.txt
    #   anthropic
idna==3.18
    # via
    #   anyio
    #   httpx
    #   requests
jiter==0.16.0
    # via anthropic
joblib==1.5.3
    # via scikit-learn
kiwisolver==1.5.0
    # via matplotlib
loguru==0.7.3
    # via awpy
lxml==6.1.1
    # via -r requirements.txt
markdown-it-py==4.2.0
    # via rich
matplotlib==3.11.0
    # via awpy
mdurl==0.1.2
    # via markdown-it-py
narwhals==2.23.0
    # via scikit-learn
networkx==3.6.1
    # via awpy
numpy==2.5.1
    # via
    #   -r requirements.txt
    #   awpy
    #   contourpy
    #   demoparser2
    #   matplotlib
    #   pandas
    #   scikit-learn
    #   scipy
packaging==26.2
    # via matplotlib
pandas==3.0.3
    # via
    #   -r requirements.txt
    #   demoparser2
pillow==12.3.0
    # via
    #   awpy
    #   matplotlib
polars==1.42.1
    # via
    #   awpy
    #   demoparser2
polars-runtime-32==1.42.1
    # via polars
psycopg2-binary==2.9.12
    # via -r requirements.txt
pyarrow==24.0.0
    # via demoparser2
pycparser==3.0
    # via cffi
pydantic==2.13.4
    # via
    #   -r requirements.txt
    #   anthropic
    #   fastapi
    #   pydantic-settings
pydantic-core==2.46.4
    # via pydantic
pydantic-settings==2.14.2
    # via -r requirements.txt
pygments==2.20.0
    # via rich
pyparsing==3.3.2
    # via matplotlib
python-dateutil==2.9.0.post0
    # via
    #   matplotlib
    #   pandas
python-dotenv==1.2.2
    # via
    #   -r requirements.txt
    #   pydantic-settings
    #   uvicorn
python-multipart==0.0.32
    # via -r requirements.txt
pyyaml==6.0.3
    # via uvicorn
rarfile==4.2
    # via -r requirements.txt
requests==2.34.2
    # via
    #   -r requirements.txt
    #   awpy
rich==15.0.0
    # via curl-cffi
scikit-learn==1.9.0
    # via -r requirements.txt
scipy==1.18.0
    # via
    #   awpy
    #   scikit-learn
six==1.17.0
    # via python-dateutil
sniffio==1.3.1
    # via anthropic
soupsieve==2.8.4
    # via beautifulsoup4
starlette==1.3.1
    # via fastapi
threadpoolctl==3.6.0
    # via scikit-learn
tqdm==4.68.3
    # via
    #   -r requirements.txt
    #   awpy
    #   demoparser2
typing-extensions==4.16.0
    # via
    #   anthropic
    #   anyio
    #   beautifulsoup4
    #   fastapi
    #   pydantic
    #   pydantic-core
    #   starlette
    #   typing-inspection
typing-inspection==0.4.2
    # via
    #   fastapi
    #   pydantic
    #   pydantic-settings
urllib3==2.7.0
    # via requests
uvicorn==0.50.0
    # via -r requirements.txt
uvloop==0.22.1
    # via uvicorn
watchfiles==1.2.0
    # via uvicorn
websockets==16.0
    # via uvicorn
zstandard==0.25.0
    # via -r requirements.txt
